// !$*UTF8*$!
{
	archiveVersion = 1;
	classes = {
	};
	objectVersion = 46;
	objects = {

/* Begin PBXBuildFile section */
		05D4E4D21DC6D1D600A0298D /* AppDelegate.swift in Sources */ = {isa = PBXBuildFile; fileRef = 05D4E4D11DC6D1D600A0298D /* AppDelegate.swift */; };
		05D4E4D41DC6D1D600A0298D /* Assets.xcassets in Resources */ = {isa = PBXBuildFile; fileRef = 05D4E4D31DC6D1D600A0298D /* Assets.xcassets */; };
		05D4E4D71DC6D1D600A0298D /* LaunchScreen.storyboard in Resources */ = {isa = PBXBuildFile; fileRef = 05D4E4D51DC6D1D600A0298D /* LaunchScreen.storyboard */; };
		05D4E4DF1DC6D2A500A0298D /* YYWebImage.framework in Frameworks */ = {isa = PBXBuildFile; fileRef = 05D4E4DE1DC6D2A500A0298D /* YYWebImage.framework */; };
		05D4E4E01DC6D2A500A0298D /* YYWebImage.framework in Embed Frameworks */ = {isa = PBXBuildFile; fileRef = 05D4E4DE1DC6D2A500A0298D /* YYWebImage.framework */; settings = {ATTRIBUTES = (CodeSignOnCopy, RemoveHeadersOnCopy, ); }; };
		05D4E4E31DC6D2D300A0298D /* ListPicsController.swift in Sources */ = {isa = PBXBuildFile; fileRef = 05D4E4E21DC6D2D300A0298D /* ListPicsController.swift */; };
		05D4E4E51DC6D63500A0298D /* PicsViewModel.swift in Sources */ = {isa = PBXBuildFile; fileRef = 05D4E4E41DC6D63500A0298D /* PicsViewModel.swift */; };
		05D4E4E71DC6D86500A0298D /* ShowBigImages.swift in Sources */ = {isa = PBXBuildFile; fileRef = 05D4E4E61DC6D86500A0298D /* ShowBigImages.swift */; };
		05D4E4E91DC70CD200A0298D /* PicCollectionViewCell.swift in Sources */ = {isa = PBXBuildFile; fileRef = 05D4E4E81DC70CD200A0298D /* PicCollectionViewCell.swift */; };
/* End PBXBuildFile section */

/* Begin PBXCopyFilesBuildPhase section */
		05D4E4E11DC6D2A500A0298D /* Embed Frameworks */ = {
			isa = PBXCopyFilesBuildPhase;
			buildActionMask = 2147483647;
			dstPath = "";
			dstSubfolderSpec = 10;
			files = (
				05D4E4E01DC6D2A500A0298D /* YYWebImage.framework in Embed Frameworks */,
			);
			name = "Embed Frameworks";
			runOnlyForDeploymentPostprocessing = 0;
		};
/* End PBXCopyFilesBuildPhase section */

/* Begin PBXFileReference section */
		05D4E4CE1DC6D1D600A0298D /* pics.app */ = {isa = PBXFileReference; explicitFileType = wrapper.application; includeInIndex = 0; path = pics.app; sourceTree = BUILT_PRODUCTS_DIR; };
		05D4E4D11DC6D1D600A0298D /* AppDelegate.swift */ = {isa = PBXFileReference; lastKnownFileType = sourcecode.swift; path = AppDelegate.swift; sourceTree = "<group>"; };
		05D4E4D31DC6D1D600A0298D /* Assets.xcassets */ = {isa = PBXFileReference; lastKnownFileType = folder.assetcatalog; path = Assets.xcassets; sourceTree = "<group>"; };
		05D4E4D61DC6D1D600A0298D /* Base */ = {isa = PBXFileReference; lastKnownFileType = file.storyboard; name = Base; path = Base.lproj/LaunchScreen.storyboard; sourceTree = "<group>"; };
		05D4E4D81DC6D1D600A0298D /* Info.plist */ = {isa = PBXFileReference; lastKnownFileType = text.plist.xml; path = Info.plist; sourceTree = "<group>"; };
		05D4E4DE1DC6D2A500A0298D /* YYWebImage.framework */ = {isa = PBXFileReference; lastKnownFileType = wrapper.framework; name = YYWebImage.framework; path = Carthage/Build/iOS/YYWebImage.framework; sourceTree = "<group>"; };
		05D4E4E21DC6D2D300A0298D /* ListPicsController.swift */ = {isa = PBXFileReference; fileEncoding = 4; lastKnownFileType = sourcecode.swift; path = ListPicsController.swift; sourceTree = "<group>"; };
		05D4E4E41DC6D63500A0298D /* PicsViewModel.swift */ = {isa = PBXFileReference; fileEncoding = 4; lastKnownFileType = sourcecode.swift; path = PicsViewModel.swift; sourceTree = "<group>"; };
		05D4E4E61DC6D86500A0298D /* ShowBigImages.swift */ = {isa = PBXFileReference; fileEncoding = 4; lastKnownFileType = sourcecode.swift; path = ShowBigImages.swift; sourceTree = "<group>"; };
		05D4E4E81DC70CD200A0298D /* PicCollectionViewCell.swift */ = {isa = PBXFileReference; fileEncoding = 4; lastKnownFileType = sourcecode.swift; path = PicCollectionViewCell.swift; sourceTree = "<group>"; };
/* End PBXFileReference section */

/* Begin PBXFrameworksBuildPhase section */
		05D4E4CB1DC6D1D500A0298D /* Frameworks */ = {
			isa = PBXFrameworksBuildPhase;
			buildActionMask = 2147483647;
			files = (
				05D4E4DF1DC6D2A500A0298D /* YYWebImage.framework in Frameworks */,
			);
			runOnlyForDeploymentPostprocessing = 0;
		};
/* End PBXFrameworksBuildPhase section */

/* Begin PBXGroup section */
		05D4E4C51DC6D1D500A0298D = {
			isa = PBXGroup;
			children = (
				05D4E4DE1DC6D2A500A0298D /* YYWebImage.framework */,
				05D4E4D01DC6D1D600A0298D /* pics */,
				05D4E4CF1DC6D1D600A0298D /* Products */,
			);
			sourceTree = "<group>";
		};
		05D4E4CF1DC6D1D600A0298D /* Products */ = {
			isa = PBXGroup;
			children = (
				05D4E4CE1DC6D1D600A0298D /* pics.app */,
			);
			name = Products;
			sourceTree = "<group>";
		};
		05D4E4D01DC6D1D600A0298D /* pics */ = {
			isa = PBXGroup;
			children = (
				05D4E4D11DC6D1D600A0298D /* AppDelegate.swift */,
				05D4E4E21DC6D2D300A0298D /* ListPicsController.swift */,
				05D4E4E81DC70CD200A0298D /* PicCollectionViewCell.swift */,
				05D4E4E41DC6D63500A0298D /* PicsViewModel.swift */,
				05D4E4E61DC6D86500A0298D /* ShowBigImages.swift */,
				05D4E4D31DC6D1D600A0298D /* Assets.xcassets */,
				05D4E4D51DC6D1D600A0298D /* LaunchScreen.storyboard */,
				05D4E4D81DC6D1D600A0298D /* Info.plist */,
			);
			path = pics;
			sourceTree = "<group>";
		};
/* End PBXGroup section */

/* Begin PBXNativeTarget section */
		05D4E4CD1DC6D1D500A0298D /* pics */ = {
			isa = PBXNativeTarget;
			buildConfigurationList = 05D4E4DB1DC6D1D600A0298D /* Build configuration list for PBXNativeTarget "pics" */;
			buildPhases = (
				05D4E4CA1DC6D1D500A0298D /* Sources */,
				05D4E4CB1DC6D1D500A0298D /* Frameworks */,
				05D4E4CC1DC6D1D500A0298D /* Resources */,
				05D4E4E11DC6D2A500A0298D /* Embed Frameworks */,
			);
			buildRules = (
			);
			dependencies = (
			);
			name = pics;
			productName = pics;
			productReference = 05D4E4CE1DC6D1D600A0298D /* pics.app */;
			productType = "com.apple.product-type.application";
		};
/* End PBXNativeTarget section */

/* Begin PBXProject section */
		05D4E4C61DC6D1D500A0298D /* Project object */ = {
			isa = PBXProject;
			attributes = {
				LastSwiftUpdateCheck = 0730;
				LastUpgradeCheck = 0730;
				ORGANIZATIONNAME = ZhengGuiJie;
				TargetAttributes = {
					05D4E4CD1DC6D1D500A0298D = {
						CreatedOnToolsVersion = 7.3.1;
					};
				};
			};
			buildConfigurationList = 05D4E4C91DC6D1D500A0298D /* Build configuration list for PBXProject "pics" */;
			compatibilityVersion = "Xcode 3.2";
			developmentRegion = English;
			hasScannedForEncodings = 0;
			knownRegions = (
				en,
				Base,
			);
			mainGroup = 05D4E4C51DC6D1D500A0298D;
			productRefGroup = 05D4E4CF1DC6D1D600A0298D /* Products */;
			projectDirPath = "";
			projectRoot = "";
			targets = (
				05D4E4CD1DC6D1D500A0298D /* pics */,
			);
		};
/* End PBXProject section */

/* Begin PBXResourcesBuildPhase section */
		05D4E4CC1DC6D1D500A0298D /* Resources */ = {
			isa = PBXResourcesBuildPhase;
			buildActionMask = 2147483647;
			files = (
				05D4E4D41DC6D1D600A0298D /* Assets.xcassets in Resources */,
				05D4E4D71DC6D1D600A0298D /* LaunchScreen.storyboard in Resources */,
			);
			runOnlyForDeploymentPostprocessing = 0;
		};
/* End PBXResourcesBuildPhase section */

/* Begin PBXSourcesBuildPhase section */
		05D4E4CA1DC6D1D500A0298D /* Sources */ = {
			isa = PBXSourcesBuildPhase;
			buildActionMask = 2147483647;
			files = (
				05D4E4E31DC6D2D300A0298D /* ListPicsController.swift in Sources */,
				05D4E4D21DC6D1D600A0298D /* AppDelegate.swift in Sources */,
				05D4E4E51DC6D63500A0298D /* PicsViewModel.swift in Sources */,
				05D4E4E91DC70CD200A0298D /* PicCollectionViewCell.swift in Sources */,
				05D4E4E71DC6D86500A0298D /* ShowBigImages.swift in Sources */,
			);
			runOnlyForDeploymentPostprocessing = 0;
		};
/* End PBXSourcesBuildPhase section */

/* Begin PBXVariantGroup section */
		05D4E4D51DC6D1D600A0298D /* LaunchScreen.storyboard */ = {
			isa = PBXVariantGroup;
			children = (
				05D4E4D61DC6D1D600A0298D /* Base */,
			);
			name = LaunchScreen.storyboard;
			sourceTree = "<group>";
		};
/* End PBXVariantGroup section */

/* Begin XCBuildConfiguration section */
		05D4E4D91DC6D1D600A0298D /* Debug */ = {
			isa = XCBuildConfiguration;
			buildSettings = {
				ALWAYS_SEARCH_USER_PATHS = NO;
				CLANG_ANALYZER_NONNULL = YES;
				CLANG_CXX_LANGUAGE_STANDARD = "gnu++0x";
				CLANG_CXX_LIBRARY = "libc++";
				CLANG_ENABLE_MODULES = YES;
				CLANG_ENABLE_OBJC_ARC = YES;
				CLANG_WARN_BOOL_CONVERSION = YES;
				CLANG_WARN_CONSTANT_CONVERSION = YES;
				CLANG_WARN_DIRECT_OBJC_ISA_USAGE = YES_ERROR;
				CLANG_WARN_EMPTY_BODY = YES;
				CLANG_WARN_ENUM_CONVERSION = YES;
				CLANG_WARN_INT_CONVERSION = YES;
				CLANG_WARN_OBJC_ROOT_CLASS = YES_ERROR;
				CLANG_WARN_UNREACHABLE_CODE = YES;
				CLANG_WARN__DUPLICATE_METHOD_MATCH = YES;
				"CODE_SIGN_IDENTITY[sdk=iphoneos*]" = "iPhone Developer";
				COPY_PHASE_STRIP = NO;
				DEBUG_INFORMATION_FORMAT = dwarf;
				ENABLE_STRICT_OBJC_MSGSEND = YES;
				ENABLE_TESTABILITY = YES;
				GCC_C_LANGUAGE_STANDARD = gnu99;
				GCC_DYNAMIC_NO_PIC = NO;
				GCC_NO_COMMON_BLOCKS = YES;
				GCC_OPTIMIZATION_LEVEL = 0;
				GCC_PREPROCESSOR_DEFINITIONS = (
					"DEBUG=1",
					"$(inherited)",
				);
				GCC_WARN_64_TO_32_BIT_CONVERSION = YES;
				GCC_WARN_ABOUT_RETURN_TYPE = YES_ERROR;
				GCC_WARN_UNDECLARED_SELECTOR = YES;
				GCC_WARN_UNINITIALIZED_AUTOS = YES_AGGRESSIVE;
				GCC_WARN_UNUSED_FUNCTION = YES;
				GCC_WARN_UNUSED_VARIABLE = YES;
				IPHONEOS_DEPLOYMENT_TARGET = 9.3;
				MTL_ENABLE_DEBUG_INFO = YES;
				ONLY_ACTIVE_ARCH = YES;
				SDKROOT = iphoneos;
				SWIFT_OPTIMIZATION_LEVEL = "-Onone";
			};
			name = Debug;
		};
		05D4E4DA1DC6D1D600A0298D /* Release */ = {
			isa = XCBuildConfiguration;
			buildSettings = {
				ALWAYS_SEARCH_USER_PATHS = NO;
				CLANG_ANALYZER_NONNULL = YES;
				CLANG_CXX_LANGUAGE_STANDARD = "gnu++0x";
				CLANG_CXX_LIBRARY = "libc++";
				CLANG_ENABLE_MODULES = YES;
				CLANG_ENABLE_OBJC_ARC = YES;
				CLANG_WARN_BOOL_CONVERSION = YES;
				CLANG_WARN_CONSTANT_CONVERSION = YES;
				CLANG_WARN_DIRECT_OBJC_ISA_USAGE = YES_ERROR;
				CLANG_WARN_EMPTY_BODY = YES;
				CLANG_WARN_ENUM_CONVERSION = YES;
				CLANG_WARN_INT_CONVERSION = YES;
				CLANG_WARN_OBJC_ROOT_CLASS = YES_ERROR;
				CLANG_WARN_UNREACHABLE_CODE = YES;
				CLANG_WARN__DUPLICATE_METHOD_MATCH = YES;
				"CODE_SIGN_IDENTITY[sdk=iphoneos*]" = "iPhone Developer";
				COPY_PHASE_STRIP = NO;
				DEBUG_INFORMATION_FORMAT = "dwarf-with-dsym";
				ENABLE_NS_ASSERTIONS = NO;
				ENABLE_STRICT_OBJC_MSGSEND = YES;
				GCC_C_LANGUAGE_STANDARD = gnu99;
				GCC_NO_COMMON_BLOCKS = YES;
				GCC_WARN_64_TO_32_BIT_CONVERSION = YES;
				GCC_WARN_ABOUT_RETURN_TYPE = YES_ERROR;
				GCC_WARN_UNDECLARED_SELECTOR = YES;
				GCC_WARN_UNINITIALIZED_AUTOS = YES_AGGRESSIVE;
				GCC_WARN_UNUSED_FUNCTION = YES;
				GCC_WARN_UNUSED_VARIABLE = YES;
				IPHONEOS_DEPLOYMENT_TARGET = 9.3;
				MTL_ENABLE_DEBUG_INFO = NO;
				SDKROOT = iphoneos;
				VALIDATE_PRODUCT = YES;
			};
			name = Release;
		};
		05D4E4DC1DC6D1D600A0298D /* Debug */ = {
			isa = XCBuildConfiguration;
			buildSettings = {
				ASSETCATALOG_COMPILER_APPICON_NAME = AppIcon;
				FRAMEWORK_SEARCH_PATHS = (
					"$(inherited)",
					"$(PROJECT_DIR)/Carthage/Build/iOS",
				);
				INFOPLIST_FILE = pics/Info.plist;
				LD_RUNPATH_SEARCH_PATHS = "$(inherited) @executable_path/Frameworks";
				PRODUCT_BUNDLE_IDENTIFIER = shangshui.com.pics;
				PRODUCT_NAME = "$(TARGET_NAME)";
			};
			name = Debug;
		};
		05D4E4DD1DC6D1D600A0298D /* Release */ = {
			isa = XCBuildConfiguration;
			buildSettings = {
				ASSETCATALOG_COMPILER_APPICON_NAME = AppIcon;
				FRAMEWORK_SEARCH_PATHS = (
					"$(inherited)",
					"$(PROJECT_DIR)/Carthage/Build/iOS",
				);
				INFOPLIST_FILE = pics/Info.plist;
				LD_RUNPATH_SEARCH_PATHS = "$(inherited) @executable_path/Frameworks";
				PRODUCT_BUNDLE_IDENTIFIER = shangshui.com.pics;
				PRODUCT_NAME = "$(TARGET_NAME)";
			};
			name = Release;
		};
/* End XCBuildConfiguration section */

/* Begin XCConfigurationList section */
		05D4E4C91DC6D1D500A0298D /* Build configuration list for PBXProject "pics" */ = {
			isa = XCConfigurationList;
			buildConfigurations = (
				05D4E4D91DC6D1D600A0298D /* Debug */,
				05D4E4DA1DC6D1D600A0298D /* Release */,
			);
			defaultConfigurationIsVisible = 0;
			defaultConfigurationName = Release;
		};
		05D4E4DB1DC6D1D600A0298D /* Build configuration list for PBXNativeTarget "pics" */ = {
			isa = XCConfigurationList;
			buildConfigurations = (
				05D4E4DC1DC6D1D600A0298D /* Debug */,
				05D4E4DD1DC6D1D600A0298D /* Release */,
			);
			defaultConfigurationIsVisible = 0;
			defaultConfigurationName = Release;
		};
/* End XCConfigurationList section */
	};
	rootObject = 05D4E4C61DC6D1D500A0298D /* Project object */;
}
